
Microsoft Visual Studio Solution File, Format Version 12.00
# Visual Studio Version 17
VisualStudioVersion = 17.4.33403.182
MinimumVisualStudioVersion = 10.0.40219.1
Project("{9A19103F-16F7-4668-BE54-9A1E7A4F7556}") = "FileChecker", "FileConverter\FileChecker.csproj", "{AF84BB9E-5C64-48EB-809D-F687FEFDE65D}"
EndProject
Project("{FAE04EC0-301F-11D3-BF4B-00C04F79EFBC}") = "FileCheckTest", "FileCheckTest\FileCheckTest.csproj", "{4CB62F8E-E3C6-4DE9-B35A-50138D8BEC8D}"
EndProject
Global
	GlobalSection(SolutionConfigurationPlatforms) = preSolution
		Debug|Any CPU = Debug|Any CPU
		Release|Any CPU = Release|Any CPU
	EndGlobalSection
	GlobalSection(ProjectConfigurationPlatforms) = postSolution
		{AF84BB9E-5C64-48EB-809D-F687FEFDE65D}.Debug|Any CPU.ActiveCfg = Debug|Any CPU
		{AF84BB9E-5C64-48EB-809D-F687FEFDE65D}.Debug|Any CPU.Build.0 = Debug|Any CPU
		{AF84BB9E-5C64-48EB-809D-F687FEFDE65D}.Release|Any CPU.ActiveCfg = Release|Any CPU
		{AF84BB9E-5C64-48EB-809D-F687FEFDE65D}.Release|Any CPU.Build.0 = Release|Any CPU
		{4CB62F8E-E3C6-4DE9-B35A-50138D8BEC8D}.Debug|Any CPU.ActiveCfg = Debug|Any CPU
		{4CB62F8E-E3C6-4DE9-B35A-50138D8BEC8D}.Debug|Any CPU.Build.0 = Debug|Any CPU
		{4CB62F8E-E3C6-4DE9-B35A-50138D8BEC8D}.Release|Any CPU.ActiveCfg = Release|Any CPU
		{4CB62F8E-E3C6-4DE9-B35A-50138D8BEC8D}.Release|Any CPU.Build.0 = Release|Any CPU
	EndGlobalSection
	GlobalSection(SolutionProperties) = preSolution
		HideSolutionNode = FALSE
	EndGlobalSection
	GlobalSection(ExtensibilityGlobals) = postSolution
		SolutionGuid = {310B9095-B59B-4C12-8E6B-3F96CC96E400}
	EndGlobalSection
EndGlobal
